// !$*UTF8*$!
{
	archiveVersion = 1;
	classes = {
	};
	objectVersion = 50;
	objects = {

/* Begin PBXBuildFile section */
		67F401D62F7C1B047BB7A130 /* Pods_EasyRun.framework in Frameworks */ = {isa = PBXBuildFile; fileRef = 905D64D3C76A1F8238D1891A /* Pods_EasyRun.framework */; };
		D3153E8620A96C9900EC918D /* GoogleService-Info.plist in Resources */ = {isa = PBXBuildFile; fileRef = D3153E8520A96C9800EC918D /* GoogleService-Info.plist */; };
		D3284C6A20A32342000D259B /* SecondTableViewController.swift in Sources */ = {isa = PBXBuildFile; fileRef = D3284C6920A32342000D259B /* SecondTableViewController.swift */; };
		D3313B1E207F722D005FD879 /* FirstViewController.swift in Sources */ = {isa = PBXBuildFile; fileRef = D3313B1D207F722D005FD879 /* FirstViewController.swift */; };
		D3B65648209B2DF100D08DF9 /* ThirdViewController.swift in Sources */ = {isa = PBXBuildFile; fileRef = D3B65647209B2DF100D08DF9 /* ThirdViewController.swift */; };
		D3F9E3ED20A02C8500D17028 /* TableViewController.swift in Sources */ = {isa = PBXBuildFile; fileRef = D3F9E3EC20A02C8500D17028 /* TableViewController.swift */; };
		D3FE78BF207501A50073CD75 /* AppDelegate.swift in Sources */ = {isa = PBXBuildFile; fileRef = D3FE78BE207501A50073CD75 /* AppDelegate.swift */; };
		D3FE78C4207501A50073CD75 /* Main.storyboard in Resources */ = {isa = PBXBuildFile; fileRef = D3FE78C2207501A50073CD75 /* Main.storyboard */; };
		D3FE78C6207501A70073CD75 /* Assets.xcassets in Resources */ = {isa = PBXBuildFile; fileRef = D3FE78C5207501A70073CD75 /* Assets.xcassets */; };
		D3FE78C9207501A70073CD75 /* LaunchScreen.storyboard in Resources */ = {isa = PBXBuildFile; fileRef = D3FE78C7207501A70073CD75 /* LaunchScreen.storyboard */; };
/* End PBXBuildFile section */

/* Begin PBXFileReference section */
		2CD9643681BA269FE5AE6BB3 /* Pods-EasyRun.debug.xcconfig */ = {isa = PBXFileReference; includeInIndex = 1; lastKnownFileType = text.xcconfig; name = "Pods-EasyRun.debug.xcconfig"; path = "Pods/Target Support Files/Pods-EasyRun/Pods-EasyRun.debug.xcconfig"; sourceTree = "<group>"; };
		905D64D3C76A1F8238D1891A /* Pods_EasyRun.framework */ = {isa = PBXFileReference; explicitFileType = wrapper.framework; includeInIndex = 0; path = Pods_EasyRun.framework; sourceTree = BUILT_PRODUCTS_DIR; };
		BB2E6AA5B19D5B4E229FB77A /* Pods-EasyRun.release.xcconfig */ = {isa = PBXFileReference; includeInIndex = 1; lastKnownFileType = text.xcconfig; name = "Pods-EasyRun.release.xcconfig"; path = "Pods/Target Support Files/Pods-EasyRun/Pods-EasyRun.release.xcconfig"; sourceTree = "<group>"; };
		D3153E8520A96C9800EC918D /* GoogleService-Info.plist */ = {isa = PBXFileReference; fileEncoding = 4; lastKnownFileType = text.plist.xml; path = "GoogleService-Info.plist"; sourceTree = "<group>"; };
		D3284C6920A32342000D259B /* SecondTableViewController.swift */ = {isa = PBXFileReference; lastKnownFileType = sourcecode.swift; path = SecondTableViewController.swift; sourceTree = "<group>"; };
		D3313B1D207F722D005FD879 /* FirstViewController.swift */ = {isa = PBXFileReference; lastKnownFileType = sourcecode.swift; path = FirstViewController.swift; sourceTree = "<group>"; };
		D3B65647209B2DF100D08DF9 /* ThirdViewController.swift */ = {isa = PBXFileReference; lastKnownFileType = sourcecode.swift; path = ThirdViewController.swift; sourceTree = "<group>"; };
		D3F9E3EC20A02C8500D17028 /* TableViewController.swift */ = {isa = PBXFileReference; lastKnownFileType = sourcecode.swift; path = TableViewController.swift; sourceTree = "<group>"; };
		D3FE78BB207501A50073CD75 /* EasyRun.app */ = {isa = PBXFileReference; explicitFileType = wrapper.application; includeInIndex = 0; path = EasyRun.app; sourceTree = BUILT_PRODUCTS_DIR; };
		D3FE78BE207501A50073CD75 /* AppDelegate.swift */ = {isa = PBXFileReference; lastKnownFileType = sourcecode.swift; path = AppDelegate.swift; sourceTree = "<group>"; };
		D3FE78C3207501A50073CD75 /* Base */ = {isa = PBXFileReference; lastKnownFileType = file.storyboard; name = Base; path = Base.lproj/Main.storyboard; sourceTree = "<group>"; };
		D3FE78C5207501A70073CD75 /* Assets.xcassets */ = {isa = PBXFileReference; lastKnownFileType = folder.assetcatalog; path = Assets.xcassets; sourceTree = "<group>"; };
		D3FE78C8207501A70073CD75 /* Base */ = {isa = PBXFileReference; lastKnownFileType = file.storyboard; name = Base; path = Base.lproj/LaunchScreen.storyboard; sourceTree = "<group>"; };
		D3FE78CA207501A70073CD75 /* Info.plist */ = {isa = PBXFileReference; lastKnownFileType = text.plist.xml; path = Info.plist; sourceTree = "<group>"; };
/* End PBXFileReference section */

/* Begin PBXFrameworksBuildPhase section */
		D3FE78B8207501A50073CD75 /* Frameworks */ = {
			isa = PBXFrameworksBuildPhase;
			buildActionMask = 2147483647;
			files = (
				67F401D62F7C1B047BB7A130 /* Pods_EasyRun.framework in Frameworks */,
			);
			runOnlyForDeploymentPostprocessing = 0;
		};
/* End PBXFrameworksBuildPhase section */

/* Begin PBXGroup section */
		A1BF1F60A7893C22134539AB /* Pods */ = {
			isa = PBXGroup;
			children = (
				2CD9643681BA269FE5AE6BB3 /* Pods-EasyRun.debug.xcconfig */,
				BB2E6AA5B19D5B4E229FB77A /* Pods-EasyRun.release.xcconfig */,
			);
			name = Pods;
			sourceTree = "<group>";
		};
		D31B295D20A839FE00D37292 /* Frameworks */ = {
			isa = PBXGroup;
			children = (
				905D64D3C76A1F8238D1891A /* Pods_EasyRun.framework */,
			);
			name = Frameworks;
			sourceTree = "<group>";
		};
		D3FE78B2207501A50073CD75 = {
			isa = PBXGroup;
			children = (
				D3FE78BD207501A50073CD75 /* EasyRun */,
				D3FE78BC207501A50073CD75 /* Products */,
				D31B295D20A839FE00D37292 /* Frameworks */,
				A1BF1F60A7893C22134539AB /* Pods */,
			);
			sourceTree = "<group>";
		};
		D3FE78BC207501A50073CD75 /* Products */ = {
			isa = PBXGroup;
			children = (
				D3FE78BB207501A50073CD75 /* EasyRun.app */,
			);
			name = Products;
			sourceTree = "<group>";
		};
		D3FE78BD207501A50073CD75 /* EasyRun */ = {
			isa = PBXGroup;
			children = (
				D3FE78BE207501A50073CD75 /* AppDelegate.swift */,
				D3313B1D207F722D005FD879 /* FirstViewController.swift */,
				D3FE78C2207501A50073CD75 /* Main.storyboard */,
				D3FE78C5207501A70073CD75 /* Assets.xcassets */,
				D3FE78C7207501A70073CD75 /* LaunchScreen.storyboard */,
				D3FE78CA207501A70073CD75 /* Info.plist */,
				D3B65647209B2DF100D08DF9 /* ThirdViewController.swift */,
				D3F9E3EC20A02C8500D17028 /* TableViewController.swift */,
				D3284C6920A32342000D259B /* SecondTableViewController.swift */,
				D3153E8520A96C9800EC918D /* GoogleService-Info.plist */,
			);
			path = EasyRun;
			sourceTree = "<group>";
		};
/* End PBXGroup section */

/* Begin PBXNativeTarget section */
		D3FE78BA207501A50073CD75 /* EasyRun */ = {
			isa = PBXNativeTarget;
			buildConfigurationList = D3FE78CD207501A70073CD75 /* Build configuration list for PBXNativeTarget "EasyRun" */;
			buildPhases = (
				E29A5E76C37CDCD4C4B25DBA /* [CP] Check Pods Manifest.lock */,
				D3FE78B7207501A50073CD75 /* Sources */,
				D3FE78B8207501A50073CD75 /* Frameworks */,
				D3FE78B9207501A50073CD75 /* Resources */,
				1920A3D564CFE5E6388A125A /* [CP] Embed Pods Frameworks */,
			);
			buildRules = (
			);
			dependencies = (
			);
			name = EasyRun;
			productName = EasyRun;
			productReference = D3FE78BB207501A50073CD75 /* EasyRun.app */;
			productType = "com.apple.product-type.application";
		};
/* End PBXNativeTarget section */

/* Begin PBXProject section */
		D3FE78B3207501A50073CD75 /* Project object */ = {
			isa = PBXProject;
			attributes = {
				LastSwiftUpdateCheck = 0940;
				LastUpgradeCheck = 0940;
				ORGANIZATIONNAME = sgcs;
				TargetAttributes = {
					D3FE78BA207501A50073CD75 = {
						CreatedOnToolsVersion = 9.4;
						LastSwiftMigration = 0940;
					};
				};
			};
			buildConfigurationList = D3FE78B6207501A50073CD75 /* Build configuration list for PBXProject "EasyRun" */;
			compatibilityVersion = "Xcode 9.3";
			developmentRegion = en;
			hasScannedForEncodings = 0;
			knownRegions = (
				en,
				Base,
			);
			mainGroup = D3FE78B2207501A50073CD75;
			productRefGroup = D3FE78BC207501A50073CD75 /* Products */;
			projectDirPath = "";
			projectRoot = "";
			targets = (
				D3FE78BA207501A50073CD75 /* EasyRun */,
			);
		};
/* End PBXProject section */

/* Begin PBXResourcesBuildPhase section */
		D3FE78B9207501A50073CD75 /* Resources */ = {
			isa = PBXResourcesBuildPhase;
			buildActionMask = 2147483647;
			files = (
				D3FE78C9207501A70073CD75 /* LaunchScreen.storyboard in Resources */,
				D3153E8620A96C9900EC918D /* GoogleService-Info.plist in Resources */,
				D3FE78C6207501A70073CD75 /* Assets.xcassets in Resources */,
				D3FE78C4207501A50073CD75 /* Main.storyboard in Resources */,
			);
			runOnlyForDeploymentPostprocessing = 0;
		};
/* End PBXResourcesBuildPhase section */

/* Begin PBXShellScriptBuildPhase section */
		1920A3D564CFE5E6388A125A /* [CP] Embed Pods Frameworks */ = {
			isa = PBXShellScriptBuildPhase;
			buildActionMask = 2147483647;
			files = (
			);
			inputPaths = (
				"${SRCROOT}/Pods/Target Support Files/Pods-EasyRun/Pods-EasyRun-frameworks.sh",
				"${BUILT_PRODUCTS_DIR}/GoogleToolboxForMac/GoogleToolboxForMac.framework",
				"${BUILT_PRODUCTS_DIR}/leveldb-library/leveldb.framework",
				"${BUILT_PRODUCTS_DIR}/nanopb/nanopb.framework",
			);
			name = "[CP] Embed Pods Frameworks";
			outputPaths = (
				"${TARGET_BUILD_DIR}/${FRAMEWORKS_FOLDER_PATH}/GoogleToolboxForMac.framework",
				"${TARGET_BUILD_DIR}/${FRAMEWORKS_FOLDER_PATH}/leveldb.framework",
				"${TARGET_BUILD_DIR}/${FRAMEWORKS_FOLDER_PATH}/nanopb.framework",
			);
			runOnlyForDeploymentPostprocessing = 0;
			shellPath = /bin/sh;
			shellScript = "\"${SRCROOT}/Pods/Target Support Files/Pods-EasyRun/Pods-EasyRun-frameworks.sh\"\n";
			showEnvVarsInLog = 0;
		};
		E29A5E76C37CDCD4C4B25DBA /* [CP] Check Pods Manifest.lock */ = {
			isa = PBXShellScriptBuildPhase;
			buildActionMask = 2147483647;
			files = (
			);
			inputPaths = (
				"${PODS_PODFILE_DIR_PATH}/Podfile.lock",
				"${PODS_ROOT}/Manifest.lock",
			);
			name = "[CP] Check Pods Manifest.lock";
			outputPaths = (
				"$(DERIVED_FILE_DIR)/Pods-EasyRun-checkManifestLockResult.txt",
			);
			runOnlyForDeploymentPostprocessing = 0;
			shellPath = /bin/sh;
			shellScript = "diff \"${PODS_PODFILE_DIR_PATH}/Podfile.lock\" \"${PODS_ROOT}/Manifest.lock\" > /dev/null\nif [ $? != 0 ] ; then\n    # print error to STDERR\n    echo \"error: The sandbox is not in sync with the Podfile.lock. Run 'pod install' or update your CocoaPods installation.\" >&2\n    exit 1\nfi\n# This output is used by Xcode 'outputs' to avoid re-running this script phase.\necho \"SUCCESS\" > \"${SCRIPT_OUTPUT_FILE_0}\"\n";
			showEnvVarsInLog = 0;
		};
/* End PBXShellScriptBuildPhase section */

/* Begin PBXSourcesBuildPhase section */
		D3FE78B7207501A50073CD75 /* Sources */ = {
			isa = PBXSourcesBuildPhase;
			buildActionMask = 2147483647;
			files = (
				D3284C6A20A32342000D259B /* SecondTableViewController.swift in Sources */,
				D3B65648209B2DF100D08DF9 /* ThirdViewController.swift in Sources */,
				D3FE78BF207501A50073CD75 /* AppDelegate.swift in Sources */,
				D3F9E3ED20A02C8500D17028 /* TableViewController.swift in Sources */,
				D3313B1E207F722D005FD879 /* FirstViewController.swift in Sources */,
			);
			runOnlyForDeploymentPostprocessing = 0;
		};
/* End PBXSourcesBuildPhase section */

/* Begin PBXVariantGroup section */
		D3FE78C2207501A50073CD75 /* Main.storyboard */ = {
			isa = PBXVariantGroup;
			children = (
				D3FE78C3207501A50073CD75 /* Base */,
			);
			name = Main.storyboard;
			sourceTree = "<group>";
		};
		D3FE78C7207501A70073CD75 /* LaunchScreen.storyboard */ = {
			isa = PBXVariantGroup;
			children = (
				D3FE78C8207501A70073CD75 /* Base */,
			);
			name = LaunchScreen.storyboard;
			sourceTree = "<group>";
		};
/* End PBXVariantGroup section */

/* Begin XCBuildConfiguration section */
		D3FE78CB207501A70073CD75 /* Debug */ = {
			isa = XCBuildConfiguration;
			buildSettings = {
				ALWAYS_SEARCH_USER_PATHS = NO;
				CLANG_ANALYZER_NONNULL = YES;
				CLANG_ANALYZER_NUMBER_OBJECT_CONVERSION = YES_AGGRESSIVE;
				CLANG_CXX_LANGUAGE_STANDARD = "gnu++14";
				CLANG_CXX_LIBRARY = "libc++";
				CLANG_ENABLE_MODULES = YES;
				CLANG_ENABLE_OBJC_ARC = YES;
				CLANG_ENABLE_OBJC_WEAK = YES;
				CLANG_WARN_BLOCK_CAPTURE_AUTORELEASING = YES;
				CLANG_WARN_BOOL_CONVERSION = YES;
				CLANG_WARN_COMMA = YES;
				CLANG_WARN_CONSTANT_CONVERSION = YES;
				CLANG_WARN_DEPRECATED_OBJC_IMPLEMENTATIONS = YES;
				CLANG_WARN_DIRECT_OBJC_ISA_USAGE = YES_ERROR;
				CLANG_WARN_DOCUMENTATION_COMMENTS = YES;
				CLANG_WARN_EMPTY_BODY = YES;
				CLANG_WARN_ENUM_CONVERSION = YES;
				CLANG_WARN_INFINITE_RECURSION = YES;
				CLANG_WARN_INT_CONVERSION = YES;
				CLANG_WARN_NON_LITERAL_NULL_CONVERSION = YES;
				CLANG_WARN_OBJC_IMPLICIT_RETAIN_SELF = YES;
				CLANG_WARN_OBJC_LITERAL_CONVERSION = YES;
				CLANG_WARN_OBJC_ROOT_CLASS = YES_ERROR;
				CLANG_WARN_RANGE_LOOP_ANALYSIS = YES;
				CLANG_WARN_STRICT_PROTOTYPES = YES;
				CLANG_WARN_SUSPICIOUS_MOVE = YES;
				CLANG_WARN_UNGUARDED_AVAILABILITY = YES_AGGRESSIVE;
				CLANG_WARN_UNREACHABLE_CODE = YES;
				CLANG_WARN__DUPLICATE_METHOD_MATCH = YES;
				CODE_SIGN_IDENTITY = "iPhone Developer";
				COPY_PHASE_STRIP = NO;
				DEBUG_INFORMATION_FORMAT = dwarf;
				ENABLE_STRICT_OBJC_MSGSEND = YES;
				ENABLE_TESTABILITY = YES;
				GCC_C_LANGUAGE_STANDARD = gnu11;
				GCC_DYNAMIC_NO_PIC = NO;
				GCC_NO_COMMON_BLOCKS = YES;
				GCC_OPTIMIZATION_LEVEL = 0;
				GCC_PREPROCESSOR_DEFINITIONS = (
					"DEBUG=1",
					"$(inherited)",
				);
				GCC_WARN_64_TO_32_BIT_CONVERSION = YES;
				GCC_WARN_ABOUT_RETURN_TYPE = YES_ERROR;
				GCC_WARN_UNDECLARED_SELECTOR = YES;
				GCC_WARN_UNINITIALIZED_AUTOS = YES_AGGRESSIVE;
				GCC_WARN_UNUSED_FUNCTION = YES;
				GCC_WARN_UNUSED_VARIABLE = YES;
				IPHONEOS_DEPLOYMENT_TARGET = 11.4;
				MTL_ENABLE_DEBUG_INFO = YES;
				ONLY_ACTIVE_ARCH = YES;
				SDKROOT = iphoneos;
				SWIFT_ACTIVE_COMPILATION_CONDITIONS = DEBUG;
				SWIFT_OPTIMIZATION_LEVEL = "-Onone";
			};
			name = Debug;
		};
		D3FE78CC207501A70073CD75 /* Release */ = {
			isa = XCBuildConfiguration;
			buildSettings = {
				ALWAYS_SEARCH_USER_PATHS = NO;
				CLANG_ANALYZER_NONNULL = YES;
				CLANG_ANALYZER_NUMBER_OBJECT_CONVERSION = YES_AGGRESSIVE;
				CLANG_CXX_LANGUAGE_STANDARD = "gnu++14";
				CLANG_CXX_LIBRARY = "libc++";
				CLANG_ENABLE_MODULES = YES;
				CLANG_ENABLE_OBJC_ARC = YES;
				CLANG_ENABLE_OBJC_WEAK = YES;
				CLANG_WARN_BLOCK_CAPTURE_AUTORELEASING = YES;
				CLANG_WARN_BOOL_CONVERSION = YES;
				CLANG_WARN_COMMA = YES;
				CLANG_WARN_CONSTANT_CONVERSION = YES;
				CLANG_WARN_DEPRECATED_OBJC_IMPLEMENTATIONS = YES;
				CLANG_WARN_DIRECT_OBJC_ISA_USAGE = YES_ERROR;
				CLANG_WARN_DOCUMENTATION_COMMENTS = YES;
				CLANG_WARN_EMPTY_BODY = YES;
				CLANG_WARN_ENUM_CONVERSION = YES;
				CLANG_WARN_INFINITE_RECURSION = YES;
				CLANG_WARN_INT_CONVERSION = YES;
				CLANG_WARN_NON_LITERAL_NULL_CONVERSION = YES;
				CLANG_WARN_OBJC_IMPLICIT_RETAIN_SELF = YES;
				CLANG_WARN_OBJC_LITERAL_CONVERSION = YES;
				CLANG_WARN_OBJC_ROOT_CLASS = YES_ERROR;
				CLANG_WARN_RANGE_LOOP_ANALYSIS = YES;
				CLANG_WARN_STRICT_PROTOTYPES = YES;
				CLANG_WARN_SUSPICIOUS_MOVE = YES;
				CLANG_WARN_UNGUARDED_AVAILABILITY = YES_AGGRESSIVE;
				CLANG_WARN_UNREACHABLE_CODE = YES;
				CLANG_WARN__DUPLICATE_METHOD_MATCH = YES;
				CODE_SIGN_IDENTITY = "iPhone Developer";
				COPY_PHASE_STRIP = NO;
				DEBUG_INFORMATION_FORMAT = "dwarf-with-dsym";
				ENABLE_NS_ASSERTIONS = NO;
				ENABLE_STRICT_OBJC_MSGSEND = YES;
				GCC_C_LANGUAGE_STANDARD = gnu11;
				GCC_NO_COMMON_BLOCKS = YES;
				GCC_WARN_64_TO_32_BIT_CONVERSION = YES;
				GCC_WARN_ABOUT_RETURN_TYPE = YES_ERROR;
				GCC_WARN_UNDECLARED_SELECTOR = YES;
				GCC_WARN_UNINITIALIZED_AUTOS = YES_AGGRESSIVE;
				GCC_WARN_UNUSED_FUNCTION = YES;
				GCC_WARN_UNUSED_VARIABLE = YES;
				IPHONEOS_DEPLOYMENT_TARGET = 11.4;
				MTL_ENABLE_DEBUG_INFO = NO;
				SDKROOT = iphoneos;
				SWIFT_COMPILATION_MODE = wholemodule;
				SWIFT_OPTIMIZATION_LEVEL = "-O";
				VALIDATE_PRODUCT = YES;
			};
			name = Release;
		};
		D3FE78CE207501A70073CD75 /* Debug */ = {
			isa = XCBuildConfiguration;
			baseConfigurationReference = 2CD9643681BA269FE5AE6BB3 /* Pods-EasyRun.debug.xcconfig */;
			buildSettings = {
				ASSETCATALOG_COMPILER_APPICON_NAME = AppIcon;
				CLANG_ENABLE_MODULES = YES;
				CODE_SIGN_STYLE = Automatic;
				DEVELOPMENT_TEAM = 3Y3Z2Z567H;
				INFOPLIST_FILE = EasyRun/Info.plist;
				IPHONEOS_DEPLOYMENT_TARGET = 11.2;
				LD_RUNPATH_SEARCH_PATHS = (
					"$(inherited)",
					"@executable_path/Frameworks",
				);
				PRODUCT_BUNDLE_IDENTIFIER = com.sogang.cscp2.EasyRun;
				PRODUCT_NAME = "$(TARGET_NAME)";
				SWIFT_OPTIMIZATION_LEVEL = "-Onone";
				SWIFT_VERSION = 4.0;
				TARGETED_DEVICE_FAMILY = "1,2";
			};
			name = Debug;
		};
		D3FE78CF207501A70073CD75 /* Release */ = {
			isa = XCBuildConfiguration;
			baseConfigurationReference = BB2E6AA5B19D5B4E229FB77A /* Pods-EasyRun.release.xcconfig */;
			buildSettings = {
				ASSETCATALOG_COMPILER_APPICON_NAME = AppIcon;
				CLANG_ENABLE_MODULES = YES;
				CODE_SIGN_STYLE = Automatic;
				DEVELOPMENT_TEAM = 3Y3Z2Z567H;
				INFOPLIST_FILE = EasyRun/Info.plist;
				IPHONEOS_DEPLOYMENT_TARGET = 11.2;
				LD_RUNPATH_SEARCH_PATHS = (
					"$(inherited)",
					"@executable_path/Frameworks",
				);
				PRODUCT_BUNDLE_IDENTIFIER = com.sogang.cscp2.EasyRun;
				PRODUCT_NAME = "$(TARGET_NAME)";
				SWIFT_VERSION = 4.0;
				TARGETED_DEVICE_FAMILY = "1,2";
			};
			name = Release;
		};
/* End XCBuildConfiguration section */

/* Begin XCConfigurationList section */
		D3FE78B6207501A50073CD75 /* Build configuration list for PBXProject "EasyRun" */ = {
			isa = XCConfigurationList;
			buildConfigurations = (
				D3FE78CB207501A70073CD75 /* Debug */,
				D3FE78CC207501A70073CD75 /* Release */,
			);
			defaultConfigurationIsVisible = 0;
			defaultConfigurationName = Release;
		};
		D3FE78CD207501A70073CD75 /* Build configuration list for PBXNativeTarget "EasyRun" */ = {
			isa = XCConfigurationList;
			buildConfigurations = (
				D3FE78CE207501A70073CD75 /* Debug */,
				D3FE78CF207501A70073CD75 /* Release */,
			);
			defaultConfigurationIsVisible = 0;
			defaultConfigurationName = Release;
		};
/* End XCConfigurationList section */
	};
	rootObject = D3FE78B3207501A50073CD75 /* Project object */;
}
